// !$*UTF8*$!
{
	archiveVersion = 1;
	classes = {
	};
	objectVersion = 48;
	objects = {

/* Begin PBXBuildFile section */
		462DAEFB205A81190071ED56 /* AppDelegate.swift in Sources */ = {isa = PBXBuildFile; fileRef = 462DAEFA205A81190071ED56 /* AppDelegate.swift */; };
		462DAEFD205A81190071ED56 /* ViewController.swift in Sources */ = {isa = PBXBuildFile; fileRef = 462DAEFC205A81190071ED56 /* ViewController.swift */; };
		462DAF00205A81190071ED56 /* Main.storyboard in Resources */ = {isa = PBXBuildFile; fileRef = 462DAEFE205A81190071ED56 /* Main.storyboard */; };
		462DAF02205A81190071ED56 /* Assets.xcassets in Resources */ = {isa = PBXBuildFile; fileRef = 462DAF01205A81190071ED56 /* Assets.xcassets */; };
		462DAF05205A81190071ED56 /* LaunchScreen.storyboard in Resources */ = {isa = PBXBuildFile; fileRef = 462DAF03205A81190071ED56 /* LaunchScreen.storyboard */; };
		462DAF0D205A813C0071ED56 /* BBEcho.swift in Sources */ = {isa = PBXBuildFile; fileRef = 462DAF0C205A813C0071ED56 /* BBEcho.swift */; };
/* End PBXBuildFile section */

/* Begin PBXFileReference section */
		462DAEF7205A81190071ED56 /* BBEcho.app */ = {isa = PBXFileReference; explicitFileType = wrapper.application; includeInIndex = 0; path = BBEcho.app; sourceTree = BUILT_PRODUCTS_DIR; };
		462DAEFA205A81190071ED56 /* AppDelegate.swift */ = {isa = PBXFileReference; lastKnownFileType = sourcecode.swift; path = AppDelegate.swift; sourceTree = "<group>"; };
		462DAEFC205A81190071ED56 /* ViewController.swift */ = {isa = PBXFileReference; lastKnownFileType = sourcecode.swift; path = ViewController.swift; sourceTree = "<group>"; };
		462DAEFF205A81190071ED56 /* Base */ = {isa = PBXFileReference; lastKnownFileType = file.storyboard; name = Base; path = Base.lproj/Main.storyboard; sourceTree = "<group>"; };
		462DAF01205A81190071ED56 /* Assets.xcassets */ = {isa = PBXFileReference; lastKnownFileType = folder.assetcatalog; path = Assets.xcassets; sourceTree = "<group>"; };
		462DAF04205A81190071ED56 /* Base */ = {isa = PBXFileReference; lastKnownFileType = file.storyboard; name = Base; path = Base.lproj/LaunchScreen.storyboard; sourceTree = "<group>"; };
		462DAF06205A81190071ED56 /* Info.plist */ = {isa = PBXFileReference; lastKnownFileType = text.plist.xml; path = Info.plist; sourceTree = "<group>"; };
		462DAF0C205A813C0071ED56 /* BBEcho.swift */ = {isa = PBXFileReference; lastKnownFileType = sourcecode.swift; path = BBEcho.swift; sourceTree = "<group>"; };
/* End PBXFileReference section */

/* Begin PBXFrameworksBuildPhase section */
		462DAEF4205A81190071ED56 /* Frameworks */ = {
			isa = PBXFrameworksBuildPhase;
			buildActionMask = 2147483647;
			files = (
			);
			runOnlyForDeploymentPostprocessing = 0;
		};
/* End PBXFrameworksBuildPhase section */

/* Begin PBXGroup section */
		462DAEEE205A81190071ED56 = {
			isa = PBXGroup;
			children = (
				462DAEF9205A81190071ED56 /* BBEcho */,
				462DAEF8205A81190071ED56 /* Products */,
			);
			sourceTree = "<group>";
		};
		462DAEF8205A81190071ED56 /* Products */ = {
			isa = PBXGroup;
			children = (
				462DAEF7205A81190071ED56 /* BBEcho.app */,
			);
			name = Products;
			sourceTree = "<group>";
		};
		462DAEF9205A81190071ED56 /* BBEcho */ = {
			isa = PBXGroup;
			children = (
				462DAEFA205A81190071ED56 /* AppDelegate.swift */,
				462DAEFC205A81190071ED56 /* ViewController.swift */,
				462DAEFE205A81190071ED56 /* Main.storyboard */,
				462DAF01205A81190071ED56 /* Assets.xcassets */,
				462DAF03205A81190071ED56 /* LaunchScreen.storyboard */,
				462DAF06205A81190071ED56 /* Info.plist */,
				462DAF0C205A813C0071ED56 /* BBEcho.swift */,
			);
			path = BBEcho;
			sourceTree = "<group>";
		};
/* End PBXGroup section */

/* Begin PBXNativeTarget section */
		462DAEF6205A81190071ED56 /* BBEcho */ = {
			isa = PBXNativeTarget;
			buildConfigurationList = 462DAF09205A81190071ED56 /* Build configuration list for PBXNativeTarget "BBEcho" */;
			buildPhases = (
				462DAEF3205A81190071ED56 /* Sources */,
				462DAEF4205A81190071ED56 /* Frameworks */,
				462DAEF5205A81190071ED56 /* Resources */,
			);
			buildRules = (
			);
			dependencies = (
			);
			name = BBEcho;
			productName = BBEcho;
			productReference = 462DAEF7205A81190071ED56 /* BBEcho.app */;
			productType = "com.apple.product-type.application";
		};
/* End PBXNativeTarget section */

/* Begin PBXProject section */
		462DAEEF205A81190071ED56 /* Project object */ = {
			isa = PBXProject;
			attributes = {
				LastSwiftUpdateCheck = 0920;
				LastUpgradeCheck = 0920;
				ORGANIZATIONNAME = "Mo-Ramadan Abdelhafez";
				TargetAttributes = {
					462DAEF6205A81190071ED56 = {
						CreatedOnToolsVersion = 9.2;
						ProvisioningStyle = Automatic;
					};
				};
			};
			buildConfigurationList = 462DAEF2205A81190071ED56 /* Build configuration list for PBXProject "BBEcho" */;
			compatibilityVersion = "Xcode 8.0";
			developmentRegion = en;
			hasScannedForEncodings = 0;
			knownRegions = (
				en,
				Base,
			);
			mainGroup = 462DAEEE205A81190071ED56;
			productRefGroup = 462DAEF8205A81190071ED56 /* Products */;
			projectDirPath = "";
			projectRoot = "";
			targets = (
				462DAEF6205A81190071ED56 /* BBEcho */,
			);
		};
/* End PBXProject section */

/* Begin PBXResourcesBuildPhase section */
		462DAEF5205A81190071ED56 /* Resources */ = {
			isa = PBXResourcesBuildPhase;
			buildActionMask = 2147483647;
			files = (
				462DAF05205A81190071ED56 /* LaunchScreen.storyboard in Resources */,
				462DAF02205A81190071ED56 /* Assets.xcassets in Resources */,
				462DAF00205A81190071ED56 /* Main.storyboard in Resources */,
			);
			runOnlyForDeploymentPostprocessing = 0;
		};
/* End PBXResourcesBuildPhase section */

/* Begin PBXSourcesBuildPhase section */
		462DAEF3205A81190071ED56 /* Sources */ = {
			isa = PBXSourcesBuildPhase;
			buildActionMask = 2147483647;
			files = (
				462DAF0D205A813C0071ED56 /* BBEcho.swift in Sources */,
				462DAEFD205A81190071ED56 /* ViewController.swift in Sources */,
				462DAEFB205A81190071ED56 /* AppDelegate.swift in Sources */,
			);
			runOnlyForDeploymentPostprocessing = 0;
		};
/* End PBXSourcesBuildPhase section */

/* Begin PBXVariantGroup section */
		462DAEFE205A81190071ED56 /* Main.storyboard */ = {
			isa = PBXVariantGroup;
			children = (
				462DAEFF205A81190071ED56 /* Base */,
			);
			name = Main.storyboard;
			sourceTree = "<group>";
		};
		462DAF03205A81190071ED56 /* LaunchScreen.storyboard */ = {
			isa = PBXVariantGroup;
			children = (
				462DAF04205A81190071ED56 /* Base */,
			);
			name = LaunchScreen.storyboard;
			sourceTree = "<group>";
		};
/* End PBXVariantGroup section */

/* Begin XCBuildConfiguration section */
		462DAF07205A81190071ED56 /* Debug */ = {
			isa = XCBuildConfiguration;
			buildSettings = {
				ALWAYS_SEARCH_USER_PATHS = NO;
				CLANG_ANALYZER_NONNULL = YES;
				CLANG_ANALYZER_NUMBER_OBJECT_CONVERSION = YES_AGGRESSIVE;
				CLANG_CXX_LANGUAGE_STANDARD = "gnu++14";
				CLANG_CXX_LIBRARY = "libc++";
				CLANG_ENABLE_MODULES = YES;
				CLANG_ENABLE_OBJC_ARC = YES;
				CLANG_WARN_BLOCK_CAPTURE_AUTORELEASING = YES;
				CLANG_WARN_BOOL_CONVERSION = YES;
				CLANG_WARN_COMMA = YES;
				CLANG_WARN_CONSTANT_CONVERSION = YES;
				CLANG_WARN_DIRECT_OBJC_ISA_USAGE = YES_ERROR;
				CLANG_WARN_DOCUMENTATION_COMMENTS = YES;
				CLANG_WARN_EMPTY_BODY = YES;
				CLANG_WARN_ENUM_CONVERSION = YES;
				CLANG_WARN_INFINITE_RECURSION = YES;
				CLANG_WARN_INT_CONVERSION = YES;
				CLANG_WARN_NON_LITERAL_NULL_CONVERSION = YES;
				CLANG_WARN_OBJC_LITERAL_CONVERSION = YES;
				CLANG_WARN_OBJC_ROOT_CLASS = YES_ERROR;
				CLANG_WARN_RANGE_LOOP_ANALYSIS = YES;
				CLANG_WARN_STRICT_PROTOTYPES = YES;
				CLANG_WARN_SUSPICIOUS_MOVE = YES;
				CLANG_WARN_UNGUARDED_AVAILABILITY = YES_AGGRESSIVE;
				CLANG_WARN_UNREACHABLE_CODE = YES;
				CLANG_WARN__DUPLICATE_METHOD_MATCH = YES;
				CODE_SIGN_IDENTITY = "iPhone Developer";
				COPY_PHASE_STRIP = NO;
				DEBUG_INFORMATION_FORMAT = dwarf;
				ENABLE_STRICT_OBJC_MSGSEND = YES;
				ENABLE_TESTABILITY = YES;
				GCC_C_LANGUAGE_STANDARD = gnu11;
				GCC_DYNAMIC_NO_PIC = NO;
				GCC_NO_COMMON_BLOCKS = YES;
				GCC_OPTIMIZATION_LEVEL = 0;
				GCC_PREPROCESSOR_DEFINITIONS = (
					"DEBUG=1",
					"$(inherited)",
				);
				GCC_WARN_64_TO_32_BIT_CONVERSION = YES;
				GCC_WARN_ABOUT_RETURN_TYPE = YES_ERROR;
				GCC_WARN_UNDECLARED_SELECTOR = YES;
				GCC_WARN_UNINITIALIZED_AUTOS = YES_AGGRESSIVE;
				GCC_WARN_UNUSED_FUNCTION = YES;
				GCC_WARN_UNUSED_VARIABLE = YES;
				IPHONEOS_DEPLOYMENT_TARGET = 11.2;
				MTL_ENABLE_DEBUG_INFO = YES;
				ONLY_ACTIVE_ARCH = YES;
				SDKROOT = iphoneos;
				SWIFT_ACTIVE_COMPILATION_CONDITIONS = DEBUG;
				SWIFT_OPTIMIZATION_LEVEL = "-Onone";
			};
			name = Debug;
		};
		462DAF08205A81190071ED56 /* Release */ = {
			isa = XCBuildConfiguration;
			buildSettings = {
				ALWAYS_SEARCH_USER_PATHS = NO;
				CLANG_ANALYZER_NONNULL = YES;
				CLANG_ANALYZER_NUMBER_OBJECT_CONVERSION = YES_AGGRESSIVE;
				CLANG_CXX_LANGUAGE_STANDARD = "gnu++14";
				CLANG_CXX_LIBRARY = "libc++";
				CLANG_ENABLE_MODULES = YES;
				CLANG_ENABLE_OBJC_ARC = YES;
				CLANG_WARN_BLOCK_CAPTURE_AUTORELEASING = YES;
				CLANG_WARN_BOOL_CONVERSION = YES;
				CLANG_WARN_COMMA = YES;
				CLANG_WARN_CONSTANT_CONVERSION = YES;
				CLANG_WARN_DIRECT_OBJC_ISA_USAGE = YES_ERROR;
				CLANG_WARN_DOCUMENTATION_COMMENTS = YES;
				CLANG_WARN_EMPTY_BODY = YES;
				CLANG_WARN_ENUM_CONVERSION = YES;
				CLANG_WARN_INFINITE_RECURSION = YES;
				CLANG_WARN_INT_CONVERSION = YES;
				CLANG_WARN_NON_LITERAL_NULL_CONVERSION = YES;
				CLANG_WARN_OBJC_LITERAL_CONVERSION = YES;
				CLANG_WARN_OBJC_ROOT_CLASS = YES_ERROR;
				CLANG_WARN_RANGE_LOOP_ANALYSIS = YES;
				CLANG_WARN_STRICT_PROTOTYPES = YES;
				CLANG_WARN_SUSPICIOUS_MOVE = YES;
				CLANG_WARN_UNGUARDED_AVAILABILITY = YES_AGGRESSIVE;
				CLANG_WARN_UNREACHABLE_CODE = YES;
				CLANG_WARN__DUPLICATE_METHOD_MATCH = YES;
				CODE_SIGN_IDENTITY = "iPhone Developer";
				COPY_PHASE_STRIP = NO;
				DEBUG_INFORMATION_FORMAT = "dwarf-with-dsym";
				ENABLE_NS_ASSERTIONS = NO;
				ENABLE_STRICT_OBJC_MSGSEND = YES;
				GCC_C_LANGUAGE_STANDARD = gnu11;
				GCC_NO_COMMON_BLOCKS = YES;
				GCC_WARN_64_TO_32_BIT_CONVERSION = YES;
				GCC_WARN_ABOUT_RETURN_TYPE = YES_ERROR;
				GCC_WARN_UNDECLARED_SELECTOR = YES;
				GCC_WARN_UNINITIALIZED_AUTOS = YES_AGGRESSIVE;
				GCC_WARN_UNUSED_FUNCTION = YES;
				GCC_WARN_UNUSED_VARIABLE = YES;
				IPHONEOS_DEPLOYMENT_TARGET = 11.2;
				MTL_ENABLE_DEBUG_INFO = NO;
				SDKROOT = iphoneos;
				SWIFT_OPTIMIZATION_LEVEL = "-Owholemodule";
				VALIDATE_PRODUCT = YES;
			};
			name = Release;
		};
		462DAF0A205A81190071ED56 /* Debug */ = {
			isa = XCBuildConfiguration;
			buildSettings = {
				ASSETCATALOG_COMPILER_APPICON_NAME = AppIcon;
				CODE_SIGN_STYLE = Automatic;
				DEVELOPMENT_TEAM = B8BKM8368H;
				INFOPLIST_FILE = BBEcho/Info.plist;
				LD_RUNPATH_SEARCH_PATHS = "$(inherited) @executable_path/Frameworks";
				PRODUCT_BUNDLE_IDENTIFIER = com.mo.BBEcho;
				PRODUCT_NAME = "$(TARGET_NAME)";
				SWIFT_VERSION = 4.0;
				TARGETED_DEVICE_FAMILY = "1,2";
			};
			name = Debug;
		};
		462DAF0B205A81190071ED56 /* Release */ = {
			isa = XCBuildConfiguration;
			buildSettings = {
				ASSETCATALOG_COMPILER_APPICON_NAME = AppIcon;
				CODE_SIGN_STYLE = Automatic;
				DEVELOPMENT_TEAM = B8BKM8368H;
				INFOPLIST_FILE = BBEcho/Info.plist;
				LD_RUNPATH_SEARCH_PATHS = "$(inherited) @executable_path/Frameworks";
				PRODUCT_BUNDLE_IDENTIFIER = com.mo.BBEcho;
				PRODUCT_NAME = "$(TARGET_NAME)";
				SWIFT_VERSION = 4.0;
				TARGETED_DEVICE_FAMILY = "1,2";
			};
			name = Release;
		};
/* End XCBuildConfiguration section */

/* Begin XCConfigurationList section */
		462DAEF2205A81190071ED56 /* Build configuration list for PBXProject "BBEcho" */ = {
			isa = XCConfigurationList;
			buildConfigurations = (
				462DAF07205A81190071ED56 /* Debug */,
				462DAF08205A81190071ED56 /* Release */,
			);
			defaultConfigurationIsVisible = 0;
			defaultConfigurationName = Release;
		};
		462DAF09205A81190071ED56 /* Build configuration list for PBXNativeTarget "BBEcho" */ = {
			isa = XCConfigurationList;
			buildConfigurations = (
				462DAF0A205A81190071ED56 /* Debug */,
				462DAF0B205A81190071ED56 /* Release */,
			);
			defaultConfigurationIsVisible = 0;
			defaultConfigurationName = Release;
		};
/* End XCConfigurationList section */
	};
	rootObject = 462DAEEF205A81190071ED56 /* Project object */;
}
